
Microsoft Visual Studio Solution File, Format Version 12.00
# Visual Studio Version 16
VisualStudioVersion = 16.0.31911.196
MinimumVisualStudioVersion = 10.0.40219.1
Project("{FAE04EC0-301F-11D3-BF4B-00C04F79EFBC}") = "G5_HMS", "G5_HMS.csproj", "{D0C0635D-173E-49FF-AB95-CA4D068D5F10}"
EndProject
Global
	GlobalSection(SolutionConfigurationPlatforms) = preSolution
		Debug|Any CPU = Debug|Any CPU
		Release|Any CPU = Release|Any CPU
	EndGlobalSection
	GlobalSection(ProjectConfigurationPlatforms) = postSolution
		{D0C0635D-173E-49FF-AB95-CA4D068D5F10}.Debug|Any CPU.ActiveCfg = Debug|Any CPU
		{D0C0635D-173E-49FF-AB95-CA4D068D5F10}.Debug|Any CPU.Build.0 = Debug|Any CPU
		{D0C0635D-173E-49FF-AB95-CA4D068D5F10}.Release|Any CPU.ActiveCfg = Release|Any CPU
		{D0C0635D-173E-49FF-AB95-CA4D068D5F10}.Release|Any CPU.Build.0 = Release|Any CPU
	EndGlobalSection
	GlobalSection(SolutionProperties) = preSolution
		HideSolutionNode = FALSE
	EndGlobalSection
	GlobalSection(ExtensibilityGlobals) = postSolution
		SolutionGuid = {942D064A-B0ED-4C9C-8407-44E9AA8F7EA3}
	EndGlobalSection
EndGlobal
